
Microsoft Visual Studio Solution File, Format Version 12.00
# Visual Studio Version 16
VisualStudioVersion = 16.0.33328.57
MinimumVisualStudioVersion = 10.0.40219.1
Project("{FAE04EC0-301F-11D3-BF4B-00C04F79EFBC}") = "POOCourseHdeleon", "POOCourseHdeleon\POOCourseHdeleon.csproj", "{DBCDCA08-9AB8-48BD-9E0C-FE83A9F50EF3}"
EndProject
Global
	GlobalSection(SolutionConfigurationPlatforms) = preSolution
		Debug|Any CPU = Debug|Any CPU
		Release|Any CPU = Release|Any CPU
	EndGlobalSection
	GlobalSection(ProjectConfigurationPlatforms) = postSolution
		{DBCDCA08-9AB8-48BD-9E0C-FE83A9F50EF3}.Debug|Any CPU.ActiveCfg = Debug|Any CPU
		{DBCDCA08-9AB8-48BD-9E0C-FE83A9F50EF3}.Debug|Any CPU.Build.0 = Debug|Any CPU
		{DBCDCA08-9AB8-48BD-9E0C-FE83A9F50EF3}.Release|Any CPU.ActiveCfg = Release|Any CPU
		{DBCDCA08-9AB8-48BD-9E0C-FE83A9F50EF3}.Release|Any CPU.Build.0 = Release|Any CPU
	EndGlobalSection
	GlobalSection(SolutionProperties) = preSolution
		HideSolutionNode = FALSE
	EndGlobalSection
	GlobalSection(ExtensibilityGlobals) = postSolution
		SolutionGuid = {67E4BF2D-08AB-4EE9-8077-41F38215C348}
	EndGlobalSection
EndGlobal
